{
  "version": 4,
  "terraform_version": "1.6.0",
  "serial": 15,
  "lineage": "a13ea20d-87e6-4109-dabc-21d9409245a8",
  "outputs": {
    "ecr_repository_url": {
      "value": "381492096624.dkr.ecr.us-east-1.amazonaws.com/devsecops-app",
      "type": "string"
    },
    "eks_cluster_endpoint": {
      "value": "https://4D6B6BAD9365ACD2E042F1D461EB5AE7.gr7.us-east-1.eks.amazonaws.com",
      "type": "string"
    },
    "eks_cluster_name": {
      "value": "devsecops-cluster",
      "type": "string"
    }
  },
  "resources": [
    {
      "mode": "data",
      "type": "aws_iam_role",
      "name": "lab_role",
      "provider": "provider[\"registry.terraform.io/hashicorp/aws\"]",
      "instances": [
        {
          "schema_version": 0,
          "attributes": {
            "arn": "arn:aws:iam::381492096624:role/LabRole",
            "assume_role_policy": "{\"Version\":\"2012-10-17\",\"Statement\":[{\"Effect\":\"Allow\",\"Principal\":{\"AWS\":\"arn:aws:iam::381492096624:role/LabRole\",\"Service\":[\"codedeploy.amazonaws.com\",\"sqs.amazonaws.com\",\"redshift.amazonaws.com\",\"cloud9.amazonaws.com\",\"secretsmanager.amazonaws.com\",\"ec2.amazonaws.com\",\"athena.amazonaws.com\",\"glue.amazonaws.com\",\"kms.amazonaws.com\",\"credentials.iot.amazonaws.com\",\"ssm.amazonaws.com\",\"codewhisperer.amazonaws.com\",\"sagemaker.amazonaws.com\",\"s3.amazonaws.com\",\"sns.amazonaws.com\",\"apigateway.amazonaws.com\",\"iotanalytics.amazonaws.com\",\"rekognition.amazonaws.com\",\"cloudformation.amazonaws.com\",\"ecs.amazonaws.com\",\"elasticfilesystem.amazonaws.com\",\"application-autoscaling.amazonaws.com\",\"eks.amazonaws.com\",\"ec2.application-autoscaling.amazonaws.com\",\"elasticloadbalancing.amazonaws.com\",\"events.amazonaws.com\",\"servicecatalog.amazonaws.com\",\"backup.amazonaws.com\",\"pipes.amazonaws.com\",\"databrew.amazonaws.com\",\"kinesis.amazonaws.com\",\"lambda.amazonaws.com\",\"deepracer.amazonaws.com\",\"forecast.amazonaws.com\",\"eks-fargate-pods.amazonaws.com\",\"dynamodb.amazonaws.com\",\"cognito-idp.amazonaws.com\",\"rds.amazonaws.com\",\"iot.amazonaws.com\",\"kinesisanalytics.amazonaws.com\",\"autoscaling.amazonaws.com\",\"resource-groups.amazonaws.com\",\"elasticmapreduce.amazonaws.com\",\"ecs-tasks.amazonaws.com\",\"cloudtrail.amazonaws.com\",\"iotevents.amazonaws.com\",\"scheduler.amazonaws.com\",\"codecommit.amazonaws.com\",\"batch.amazonaws.com\",\"elasticbeanstalk.amazonaws.com\",\"firehose.amazonaws.com\",\"logs.amazonaws.com\",\"states.amazonaws.com\"]},\"Action\":\"sts:AssumeRole\"}]}",
            "create_date": "2026-04-15T12:53:13Z",
            "description": "",
            "id": "LabRole",
            "max_session_duration": 3600,
            "name": "LabRole",
            "path": "/",
            "permissions_boundary": "",
            "role_last_used": [
              {
                "last_used_date": "",
                "region": ""
              }
            ],
            "tags": {
              "cloudlab": "c205507a5240875l14527324t1w381492096624"
            },
            "unique_id": "AROAVRUVTNZYG7MHWLUVS"
          },
          "sensitive_attributes": []
        }
      ]
    },
    {
      "mode": "managed",
      "type": "aws_ecr_repository",
      "name": "devsecops_app",
      "provider": "provider[\"registry.terraform.io/hashicorp/aws\"]",
      "instances": [
        {
          "schema_version": 0,
          "attributes": {
            "arn": "arn:aws:ecr:us-east-1:381492096624:repository/devsecops-app",
            "encryption_configuration": [
              {
                "encryption_type": "AES256",
                "kms_key": ""
              }
            ],
            "force_delete": null,
            "id": "devsecops-app",
            "image_scanning_configuration": [
              {
                "scan_on_push": true
              }
            ],
            "image_tag_mutability": "MUTABLE",
            "name": "devsecops-app",
            "registry_id": "381492096624",
            "repository_url": "381492096624.dkr.ecr.us-east-1.amazonaws.com/devsecops-app",
            "tags": {
              "Project": "devsecops"
            },
            "tags_all": {
              "Project": "devsecops"
            },
            "timeouts": null
          },
          "sensitive_attributes": [],
          "private": "eyJlMmJmYjczMC1lY2FhLTExZTYtOGY4OC0zNDM2M2JjN2M0YzAiOnsiZGVsZXRlIjoxMjAwMDAwMDAwMDAwfX0="
        }
      ]
    },
    {
      "mode": "managed",
      "type": "aws_eks_cluster",
      "name": "devsecops",
      "provider": "provider[\"registry.terraform.io/hashicorp/aws\"]",
      "instances": [
        {
          "schema_version": 1,
          "attributes": {
            "access_config": [
              {
                "authentication_mode": "CONFIG_MAP",
                "bootstrap_cluster_creator_admin_permissions": true
              }
            ],
            "arn": "arn:aws:eks:us-east-1:381492096624:cluster/devsecops-cluster",
            "bootstrap_self_managed_addons": true,
            "certificate_authority": [
              {
                "data": "LS0tLS1CRUdJTiBDRVJUSUZJQ0FURS0tLS0tCk1JSURCVENDQWUyZ0F3SUJBZ0lJVldUTDBwK2xVVWd3RFFZSktvWklodmNOQVFFTEJRQXdGVEVUTUJFR0ExVUUKQXhNS2EzVmlaWEp1WlhSbGN6QWVGdzB5TmpBME1UVXhNekkyTWpCYUZ3MHpOakEwTVRJeE16TXhNakJhTUJVeApFekFSQmdOVkJBTVRDbXQxWW1WeWJtVjBaWE13Z2dFaU1BMEdDU3FHU0liM0RRRUJBUVVBQTRJQkR3QXdnZ0VLCkFvSUJBUURibEpJclZjWmYwZzNKajJ6aWxoNHlhRTNZRitVcko1MWgyMUUyUW1HMmZEck1KUXplZWVLdVF5TTcKM2RaOEsxMG5tSHJ1ZFhrQXN5d3lWSTRjVGhMRlY4NUtpL0dmaVNCbW10LytZeFI4dXhEcEpOUFJsWkhIT1NlUApYNlZVMFV0eG9MbGQ5TWFpRk4xRVAxUlA3U2xLS0J2WUdvUDJUVzJrSGFuMFIycE1ndC80QSt3Q2FXVm9sTGR3CjNmdFFDYXpzU1owUnk2YTNXWk9VN1JjVFEzMFJyekxEMG00ZVU0M0l4YVVLY0FFSEFsTVBrd3ZxdW9odysrN3IKZW16c0hGcWVFUHU4K0I2alVWVUFqdDhNSVp2WkJPYVJEUTRVNGdMRytETXVacUFwakxETkloNk44VkhvTnk3cgpyMlV0aks5RUZ0akdsM0F6TTlxQnlMelZ6cXYxQWdNQkFBR2pXVEJYTUE0R0ExVWREd0VCL3dRRUF3SUNwREFQCkJnTlZIUk1CQWY4RUJUQURBUUgvTUIwR0ExVWREZ1FXQkJSUXF4TWQyeXlKOW1VVkM4V0lGRjduTzV2OFJUQVYKQmdOVkhSRUVEakFNZ2dwcmRXSmxjbTVsZEdWek1BMEdDU3FHU0liM0RRRUJDd1VBQTRJQkFRQ3hUYVR3aXNhZQoxWHNVMHgxOGtoaGsrajQ4RXZDOE80MHN0SktEZlhUdk9DaS82WXVvWTlhWDMzMGZLMGJJZmlPdzdFbzlDRkdGClFGSWlrSEZXTDgxQ0d2eEJQOVE2eTgzSm5kT3V5TjhHVE1Gd3gvcHl1T0t3WjdObjhvMzVpdzVHZ3FOSHlDSnoKSHJoNlN4VG1PRG0vYVhleld6aVh4UFhqUjRsUnhUNk5HM1Rzc2NXRDNkOTVnWE4yTEpIcGlOWHBHckloWWtOWApJUzB3Ni9IUitkZDJ4WllkZEwrMXlVTTdGWjgxLzFpQ3BPajY3ZndMcnRQajcwbUVtNjFDVW1YeDJQWkRVc0J6CmNYTDV3QjIrWEpjcmI0aDBYUU8ramY3YXBDcVRWbVZwN0tQakNhT3MyK2tKOUdlMFppWHQ2M1dmNFZjU0x0Qy8KazJvSEpQdGdzU05hCi0tLS0tRU5EIENFUlRJRklDQVRFLS0tLS0K"
              }
            ],
            "cluster_id": null,
            "compute_config": [],
            "created_at": "2026-04-15T13:26:07Z",
            "enabled_cluster_log_types": null,
            "encryption_config": [],
            "endpoint": "https://4D6B6BAD9365ACD2E042F1D461EB5AE7.gr7.us-east-1.eks.amazonaws.com",
            "force_update_version": null,
            "id": "devsecops-cluster",
            "identity": [
              {
                "oidc": [
                  {
                    "issuer": "https://oidc.eks.us-east-1.amazonaws.com/id/4D6B6BAD9365ACD2E042F1D461EB5AE7"
                  }
                ]
              }
            ],
            "kubernetes_network_config": [
              {
                "elastic_load_balancing": [
                  {
                    "enabled": false
                  }
                ],
                "ip_family": "ipv4",
                "service_ipv4_cidr": "172.20.0.0/16",
                "service_ipv6_cidr": ""
              }
            ],
            "name": "devsecops-cluster",
            "outpost_config": [],
            "platform_version": "eks.9",
            "remote_network_config": [],
            "role_arn": "arn:aws:iam::381492096624:role/LabRole",
            "status": "ACTIVE",
            "storage_config": [],
            "tags": {
              "Project": "devsecops"
            },
            "tags_all": {
              "Project": "devsecops"
            },
            "timeouts": null,
            "upgrade_policy": [
              {
                "support_type": "EXTENDED"
              }
            ],
            "version": "1.35",
            "vpc_config": [
              {
                "cluster_security_group_id": "sg-073859fcc40ff4199",
                "endpoint_private_access": false,
                "endpoint_public_access": true,
                "public_access_cidrs": [
                  "0.0.0.0/0"
                ],
                "security_group_ids": null,
                "subnet_ids": [
                  "subnet-056a7599b1df7332e",
                  "subnet-0fd262dfcf02004ab"
                ],
                "vpc_id": "vpc-07109aa030228c12a"
              }
            ],
            "zonal_shift_config": []
          },
          "sensitive_attributes": [],
          "private": "eyJlMmJmYjczMC1lY2FhLTExZTYtOGY4OC0zNDM2M2JjN2M0YzAiOnsiY3JlYXRlIjoxODAwMDAwMDAwMDAwLCJkZWxldGUiOjkwMDAwMDAwMDAwMCwidXBkYXRlIjozNjAwMDAwMDAwMDAwfSwic2NoZW1hX3ZlcnNpb24iOiIxIn0=",
          "dependencies": [
            "aws_subnet.eks_subnet_1",
            "aws_subnet.eks_subnet_2",
            "aws_vpc.eks_vpc",
            "data.aws_iam_role.lab_role"
          ]
        }
      ]
    },
    {
      "mode": "managed",
      "type": "aws_eks_node_group",
      "name": "devsecops_nodes",
      "provider": "provider[\"registry.terraform.io/hashicorp/aws\"]",
      "instances": [
        {
          "schema_version": 0,
          "attributes": {
            "ami_type": "AL2023_x86_64_STANDARD",
            "arn": "arn:aws:eks:us-east-1:381492096624:nodegroup/devsecops-cluster/devsecops-nodes/6ecec8ad-dea3-ccbd-438d-4213ac620ece",
            "capacity_type": "ON_DEMAND",
            "cluster_name": "devsecops-cluster",
            "disk_size": 20,
            "force_update_version": null,
            "id": "devsecops-cluster:devsecops-nodes",
            "instance_types": [
              "t3.medium"
            ],
            "labels": null,
            "launch_template": [],
            "node_group_name": "devsecops-nodes",
            "node_group_name_prefix": "",
            "node_repair_config": [],
            "node_role_arn": "arn:aws:iam::381492096624:role/LabRole",
            "release_version": "1.35.2-20260403",
            "remote_access": [],
            "resources": [
              {
                "autoscaling_groups": [
                  {
                    "name": "eks-devsecops-nodes-6ecec8ad-dea3-ccbd-438d-4213ac620ece"
                  }
                ],
                "remote_access_security_group_id": ""
              }
            ],
            "scaling_config": [
              {
                "desired_size": 2,
                "max_size": 3,
                "min_size": 1
              }
            ],
            "status": "ACTIVE",
            "subnet_ids": [
              "subnet-056a7599b1df7332e",
              "subnet-0fd262dfcf02004ab"
            ],
            "tags": {
              "Project": "devsecops"
            },
            "tags_all": {
              "Project": "devsecops"
            },
            "taint": [],
            "timeouts": null,
            "update_config": [
              {
                "max_unavailable": 1,
                "max_unavailable_percentage": 0
              }
            ],
            "version": "1.35"
          },
          "sensitive_attributes": [],
          "private": "eyJlMmJmYjczMC1lY2FhLTExZTYtOGY4OC0zNDM2M2JjN2M0YzAiOnsiY3JlYXRlIjozNjAwMDAwMDAwMDAwLCJkZWxldGUiOjM2MDAwMDAwMDAwMDAsInVwZGF0ZSI6MzYwMDAwMDAwMDAwMH19",
          "dependencies": [
            "aws_eks_cluster.devsecops",
            "aws_subnet.eks_subnet_1",
            "aws_subnet.eks_subnet_2",
            "aws_vpc.eks_vpc",
            "data.aws_iam_role.lab_role"
          ]
        }
      ]
    },
    {
      "mode": "managed",
      "type": "aws_internet_gateway",
      "name": "eks_igw",
      "provider": "provider[\"registry.terraform.io/hashicorp/aws\"]",
      "instances": [
        {
          "schema_version": 0,
          "attributes": {
            "arn": "arn:aws:ec2:us-east-1:381492096624:internet-gateway/igw-0bf2313e7c1f4470c",
            "id": "igw-0bf2313e7c1f4470c",
            "owner_id": "381492096624",
            "tags": {
              "Name": "eks-igw"
            },
            "tags_all": {
              "Name": "eks-igw"
            },
            "timeouts": null,
            "vpc_id": "vpc-07109aa030228c12a"
          },
          "sensitive_attributes": [],
          "private": "eyJlMmJmYjczMC1lY2FhLTExZTYtOGY4OC0zNDM2M2JjN2M0YzAiOnsiY3JlYXRlIjoxMjAwMDAwMDAwMDAwLCJkZWxldGUiOjEyMDAwMDAwMDAwMDAsInVwZGF0ZSI6MTIwMDAwMDAwMDAwMH19",
          "dependencies": [
            "aws_vpc.eks_vpc"
          ]
        }
      ]
    },
    {
      "mode": "managed",
      "type": "aws_route_table",
      "name": "eks_rt",
      "provider": "provider[\"registry.terraform.io/hashicorp/aws\"]",
      "instances": [
        {
          "schema_version": 0,
          "attributes": {
            "arn": "arn:aws:ec2:us-east-1:381492096624:route-table/rtb-0762ce0c490b75275",
            "id": "rtb-0762ce0c490b75275",
            "owner_id": "381492096624",
            "propagating_vgws": [],
            "route": [
              {
                "carrier_gateway_id": "",
                "cidr_block": "0.0.0.0/0",
                "core_network_arn": "",
                "destination_prefix_list_id": "",
                "egress_only_gateway_id": "",
                "gateway_id": "igw-0bf2313e7c1f4470c",
                "ipv6_cidr_block": "",
                "local_gateway_id": "",
                "nat_gateway_id": "",
                "network_interface_id": "",
                "transit_gateway_id": "",
                "vpc_endpoint_id": "",
                "vpc_peering_connection_id": ""
              }
            ],
            "tags": {},
            "tags_all": {},
            "timeouts": null,
            "vpc_id": "vpc-07109aa030228c12a"
          },
          "sensitive_attributes": [],
          "private": "eyJlMmJmYjczMC1lY2FhLTExZTYtOGY4OC0zNDM2M2JjN2M0YzAiOnsiY3JlYXRlIjozMDAwMDAwMDAwMDAsImRlbGV0ZSI6MzAwMDAwMDAwMDAwLCJ1cGRhdGUiOjEyMDAwMDAwMDAwMH19",
          "dependencies": [
            "aws_internet_gateway.eks_igw",
            "aws_vpc.eks_vpc"
          ]
        }
      ]
    },
    {
      "mode": "managed",
      "type": "aws_route_table_association",
      "name": "eks_rta_1",
      "provider": "provider[\"registry.terraform.io/hashicorp/aws\"]",
      "instances": [
        {
          "schema_version": 0,
          "attributes": {
            "gateway_id": "",
            "id": "rtbassoc-0ad26f6bbbf34cf4e",
            "route_table_id": "rtb-0762ce0c490b75275",
            "subnet_id": "subnet-0fd262dfcf02004ab",
            "timeouts": null
          },
          "sensitive_attributes": [],
          "private": "eyJlMmJmYjczMC1lY2FhLTExZTYtOGY4OC0zNDM2M2JjN2M0YzAiOnsiY3JlYXRlIjozMDAwMDAwMDAwMDAsImRlbGV0ZSI6MzAwMDAwMDAwMDAwLCJ1cGRhdGUiOjEyMDAwMDAwMDAwMH19",
          "dependencies": [
            "aws_internet_gateway.eks_igw",
            "aws_route_table.eks_rt",
            "aws_subnet.eks_subnet_1",
            "aws_vpc.eks_vpc"
          ]
        }
      ]
    },
    {
      "mode": "managed",
      "type": "aws_route_table_association",
      "name": "eks_rta_2",
      "provider": "provider[\"registry.terraform.io/hashicorp/aws\"]",
      "instances": [
        {
          "schema_version": 0,
          "attributes": {
            "gateway_id": "",
            "id": "rtbassoc-06c331c761721d099",
            "route_table_id": "rtb-0762ce0c490b75275",
            "subnet_id": "subnet-056a7599b1df7332e",
            "timeouts": null
          },
          "sensitive_attributes": [],
          "private": "eyJlMmJmYjczMC1lY2FhLTExZTYtOGY4OC0zNDM2M2JjN2M0YzAiOnsiY3JlYXRlIjozMDAwMDAwMDAwMDAsImRlbGV0ZSI6MzAwMDAwMDAwMDAwLCJ1cGRhdGUiOjEyMDAwMDAwMDAwMH19",
          "dependencies": [
            "aws_internet_gateway.eks_igw",
            "aws_route_table.eks_rt",
            "aws_subnet.eks_subnet_2",
            "aws_vpc.eks_vpc"
          ]
        }
      ]
    },
    {
      "mode": "managed",
      "type": "aws_subnet",
      "name": "eks_subnet_1",
      "provider": "provider[\"registry.terraform.io/hashicorp/aws\"]",
      "instances": [
        {
          "schema_version": 1,
          "attributes": {
            "arn": "arn:aws:ec2:us-east-1:381492096624:subnet/subnet-0fd262dfcf02004ab",
            "assign_ipv6_address_on_creation": false,
            "availability_zone": "us-east-1a",
            "availability_zone_id": "use1-az2",
            "cidr_block": "10.0.1.0/24",
            "customer_owned_ipv4_pool": "",
            "enable_dns64": false,
            "enable_lni_at_device_index": 0,
            "enable_resource_name_dns_a_record_on_launch": false,
            "enable_resource_name_dns_aaaa_record_on_launch": false,
            "id": "subnet-0fd262dfcf02004ab",
            "ipv6_cidr_block": "",
            "ipv6_cidr_block_association_id": "",
            "ipv6_native": false,
            "map_customer_owned_ip_on_launch": false,
            "map_public_ip_on_launch": true,
            "outpost_arn": "",
            "owner_id": "381492096624",
            "private_dns_hostname_type_on_launch": "ip-name",
            "tags": {
              "Name": "eks-subnet-1"
            },
            "tags_all": {
              "Name": "eks-subnet-1"
            },
            "timeouts": null,
            "vpc_id": "vpc-07109aa030228c12a"
          },
          "sensitive_attributes": [],
          "private": "eyJlMmJmYjczMC1lY2FhLTExZTYtOGY4OC0zNDM2M2JjN2M0YzAiOnsiY3JlYXRlIjo2MDAwMDAwMDAwMDAsImRlbGV0ZSI6MTIwMDAwMDAwMDAwMH0sInNjaGVtYV92ZXJzaW9uIjoiMSJ9",
          "dependencies": [
            "aws_vpc.eks_vpc"
          ]
        }
      ]
    },
    {
      "mode": "managed",
      "type": "aws_subnet",
      "name": "eks_subnet_2",
      "provider": "provider[\"registry.terraform.io/hashicorp/aws\"]",
      "instances": [
        {
          "schema_version": 1,
          "attributes": {
            "arn": "arn:aws:ec2:us-east-1:381492096624:subnet/subnet-056a7599b1df7332e",
            "assign_ipv6_address_on_creation": false,
            "availability_zone": "us-east-1b",
            "availability_zone_id": "use1-az4",
            "cidr_block": "10.0.2.0/24",
            "customer_owned_ipv4_pool": "",
            "enable_dns64": false,
            "enable_lni_at_device_index": 0,
            "enable_resource_name_dns_a_record_on_launch": false,
            "enable_resource_name_dns_aaaa_record_on_launch": false,
            "id": "subnet-056a7599b1df7332e",
            "ipv6_cidr_block": "",
            "ipv6_cidr_block_association_id": "",
            "ipv6_native": false,
            "map_customer_owned_ip_on_launch": false,
            "map_public_ip_on_launch": true,
            "outpost_arn": "",
            "owner_id": "381492096624",
            "private_dns_hostname_type_on_launch": "ip-name",
            "tags": {
              "Name": "eks-subnet-2"
            },
            "tags_all": {
              "Name": "eks-subnet-2"
            },
            "timeouts": null,
            "vpc_id": "vpc-07109aa030228c12a"
          },
          "sensitive_attributes": [],
          "private": "eyJlMmJmYjczMC1lY2FhLTExZTYtOGY4OC0zNDM2M2JjN2M0YzAiOnsiY3JlYXRlIjo2MDAwMDAwMDAwMDAsImRlbGV0ZSI6MTIwMDAwMDAwMDAwMH0sInNjaGVtYV92ZXJzaW9uIjoiMSJ9",
          "dependencies": [
            "aws_vpc.eks_vpc"
          ]
        }
      ]
    },
    {
      "mode": "managed",
      "type": "aws_vpc",
      "name": "eks_vpc",
      "provider": "provider[\"registry.terraform.io/hashicorp/aws\"]",
      "instances": [
        {
          "schema_version": 1,
          "attributes": {
            "arn": "arn:aws:ec2:us-east-1:381492096624:vpc/vpc-07109aa030228c12a",
            "assign_generated_ipv6_cidr_block": false,
            "cidr_block": "10.0.0.0/16",
            "default_network_acl_id": "acl-03bfbcb41ec0ae8d3",
            "default_route_table_id": "rtb-0a2521fdbbf12de80",
            "default_security_group_id": "sg-0b1508fe0f4dc11f6",
            "dhcp_options_id": "dopt-041286db0bace99db",
            "enable_dns_hostnames": true,
            "enable_dns_support": true,
            "enable_network_address_usage_metrics": false,
            "id": "vpc-07109aa030228c12a",
            "instance_tenancy": "default",
            "ipv4_ipam_pool_id": null,
            "ipv4_netmask_length": null,
            "ipv6_association_id": "",
            "ipv6_cidr_block": "",
            "ipv6_cidr_block_network_border_group": "",
            "ipv6_ipam_pool_id": "",
            "ipv6_netmask_length": 0,
            "main_route_table_id": "rtb-0a2521fdbbf12de80",
            "owner_id": "381492096624",
            "tags": {
              "Name": "eks-vpc"
            },
            "tags_all": {
              "Name": "eks-vpc"
            }
          },
          "sensitive_attributes": [],
          "private": "eyJzY2hlbWFfdmVyc2lvbiI6IjEifQ=="
        }
      ]
    }
  ],
  "check_results": null
}
