{
  "version": 4,
  "terraform_version": "1.6.0",
  "serial": 26,
  "lineage": "a13ea20d-87e6-4109-dabc-21d9409245a8",
  "outputs": {
    "ecr_repository_url": {
      "value": "381492096624.dkr.ecr.us-east-1.amazonaws.com/devsecops-app",
      "type": "string"
    },
    "eks_cluster_endpoint": {
      "value": "https://F3FA26BC834A7088ABD67A899C87428D.gr7.us-east-1.eks.amazonaws.com",
      "type": "string"
    },
    "eks_cluster_name": {
      "value": "devsecops-cluster",
      "type": "string"
    }
  },
  "resources": [
    {
      "mode": "data",
      "type": "aws_iam_role",
      "name": "lab_role",
      "provider": "provider[\"registry.terraform.io/hashicorp/aws\"]",
      "instances": [
        {
          "schema_version": 0,
          "attributes": {
            "arn": "arn:aws:iam::381492096624:role/LabRole",
            "assume_role_policy": "{\"Version\":\"2012-10-17\",\"Statement\":[{\"Effect\":\"Allow\",\"Principal\":{\"AWS\":\"arn:aws:iam::381492096624:role/LabRole\",\"Service\":[\"kinesisanalytics.amazonaws.com\",\"kinesis.amazonaws.com\",\"cognito-idp.amazonaws.com\",\"forecast.amazonaws.com\",\"states.amazonaws.com\",\"ec2.application-autoscaling.amazonaws.com\",\"firehose.amazonaws.com\",\"apigateway.amazonaws.com\",\"events.amazonaws.com\",\"lambda.amazonaws.com\",\"elasticbeanstalk.amazonaws.com\",\"ecs-tasks.amazonaws.com\",\"athena.amazonaws.com\",\"iot.amazonaws.com\",\"codewhisperer.amazonaws.com\",\"rds.amazonaws.com\",\"batch.amazonaws.com\",\"scheduler.amazonaws.com\",\"backup.amazonaws.com\",\"resource-groups.amazonaws.com\",\"credentials.iot.amazonaws.com\",\"servicecatalog.amazonaws.com\",\"pipes.amazonaws.com\",\"autoscaling.amazonaws.com\",\"cloud9.amazonaws.com\",\"eks.amazonaws.com\",\"ec2.amazonaws.com\",\"cloudtrail.amazonaws.com\",\"glue.amazonaws.com\",\"codedeploy.amazonaws.com\",\"iotevents.amazonaws.com\",\"logs.amazonaws.com\",\"sqs.amazonaws.com\",\"rekognition.amazonaws.com\",\"application-autoscaling.amazonaws.com\",\"codecommit.amazonaws.com\",\"sns.amazonaws.com\",\"iotanalytics.amazonaws.com\",\"elasticfilesystem.amazonaws.com\",\"elasticloadbalancing.amazonaws.com\",\"dynamodb.amazonaws.com\",\"ecs.amazonaws.com\",\"redshift.amazonaws.com\",\"cloudformation.amazonaws.com\",\"elasticmapreduce.amazonaws.com\",\"secretsmanager.amazonaws.com\",\"s3.amazonaws.com\",\"deepracer.amazonaws.com\",\"eks-fargate-pods.amazonaws.com\",\"databrew.amazonaws.com\",\"ssm.amazonaws.com\",\"kms.amazonaws.com\",\"sagemaker.amazonaws.com\"]},\"Action\":\"sts:AssumeRole\"}]}",
            "create_date": "2026-04-17T10:28:10Z",
            "description": "",
            "id": "LabRole",
            "max_session_duration": 3600,
            "name": "LabRole",
            "path": "/",
            "permissions_boundary": "",
            "role_last_used": [
              {
                "last_used_date": "",
                "region": ""
              }
            ],
            "tags": {
              "cloudlab": "c205507a5240875l14527324t1w381492096624"
            },
            "unique_id": "AROAVRUVTNZYBIRKMXR45"
          },
          "sensitive_attributes": []
        }
      ]
    },
    {
      "mode": "managed",
      "type": "aws_ecr_repository",
      "name": "devsecops_app",
      "provider": "provider[\"registry.terraform.io/hashicorp/aws\"]",
      "instances": [
        {
          "schema_version": 0,
          "attributes": {
            "arn": "arn:aws:ecr:us-east-1:381492096624:repository/devsecops-app",
            "encryption_configuration": [
              {
                "encryption_type": "AES256",
                "kms_key": ""
              }
            ],
            "force_delete": null,
            "id": "devsecops-app",
            "image_scanning_configuration": [
              {
                "scan_on_push": true
              }
            ],
            "image_tag_mutability": "MUTABLE",
            "name": "devsecops-app",
            "registry_id": "381492096624",
            "repository_url": "381492096624.dkr.ecr.us-east-1.amazonaws.com/devsecops-app",
            "tags": {
              "Project": "devsecops"
            },
            "tags_all": {
              "Project": "devsecops"
            },
            "timeouts": null
          },
          "sensitive_attributes": [],
          "private": "eyJlMmJmYjczMC1lY2FhLTExZTYtOGY4OC0zNDM2M2JjN2M0YzAiOnsiZGVsZXRlIjoxMjAwMDAwMDAwMDAwfX0="
        }
      ]
    },
    {
      "mode": "managed",
      "type": "aws_eks_cluster",
      "name": "devsecops",
      "provider": "provider[\"registry.terraform.io/hashicorp/aws\"]",
      "instances": [
        {
          "schema_version": 1,
          "attributes": {
            "access_config": [
              {
                "authentication_mode": "CONFIG_MAP",
                "bootstrap_cluster_creator_admin_permissions": true
              }
            ],
            "arn": "arn:aws:eks:us-east-1:381492096624:cluster/devsecops-cluster",
            "bootstrap_self_managed_addons": true,
            "certificate_authority": [
              {
                "data": "LS0tLS1CRUdJTiBDRVJUSUZJQ0FURS0tLS0tCk1JSURCVENDQWUyZ0F3SUJBZ0lJQ3lOcjRGUzg0TXN3RFFZSktvWklodmNOQVFFTEJRQXdGVEVUTUJFR0ExVUUKQXhNS2EzVmlaWEp1WlhSbGN6QWVGdzB5TmpBME1UY3hNRE0wTkRsYUZ3MHpOakEwTVRReE1ETTVORGxhTUJVeApFekFSQmdOVkJBTVRDbXQxWW1WeWJtVjBaWE13Z2dFaU1BMEdDU3FHU0liM0RRRUJBUVVBQTRJQkR3QXdnZ0VLCkFvSUJBUURnKzdFK09rVW9IUkk0NkVwQTI3UHNKaW11eGpMRkFHTzdXS1puRWN6dVZ5ZmRRL1dKbTVYY09Sd2gKM2NERGdxMVBqeHdiRHNoUEw4VU9tcVhWTER0VFBXOVJWNEpDeDQ1VXV1OTJQT2swSkVRTC9RU0RVbHpIalZQRwpaQS84UzlFVUVJM2tFYUhaQ2lMclF2UCtnY1ZnMG9sMGxrNVdzZUhJbEhUZ3hJK1lqcU85VllpQXVzRDZuZDhhCmdJUUNaTE93S2RxUGpDQjlwUkNwOWdWT3JBK1VlSyszVzJhSDhrNXIwWlZWbE5JNkZQaGMwdjEvakl6NTNHamsKZXIvNUhtU3ZSV2xoTXBhMlY0UWNBRk9ONjlvUTM2MEVYYk9BZlBPUGVNMWI2SUtxWHNJZ1cyU3VjYW9kR0lOSgpWbXhGbDNzdE1TQ3Z0L3FCbnZuTnZkNWFJWStCQWdNQkFBR2pXVEJYTUE0R0ExVWREd0VCL3dRRUF3SUNwREFQCkJnTlZIUk1CQWY4RUJUQURBUUgvTUIwR0ExVWREZ1FXQkJSRzJ1Q2xBWUxQWE5KUm1xVWQ1dmM5MVd4SlJUQVYKQmdOVkhSRUVEakFNZ2dwcmRXSmxjbTVsZEdWek1BMEdDU3FHU0liM0RRRUJDd1VBQTRJQkFRRFVXTWNFNlkyYwpqRjg5YTk0aHF3MnZnak9ITVBzTWRyeDAvbXNWMnZDMVJDN2VvMkhmWUJGZDBxZjdKVStyQ0hOZVY5YTVwY1kxCnpGUUNFMUFPdFpyZ2lIU0x5ZHNrRkxmYm1NWUs4TlR4VFRCTnZIWWRFU3NCdnJYR3dwWkZPMWgrdVVVY3lKNXAKdmFMYnlqYys5SVFDUDRIRzI3d05vSHl3ZDExRE9ZVTcrcThiWHQ3TCtJR0UrUkt4eit0Z2puNDc5MnJBK1ZGTAprc3EzRGpnN3ZLbHFEWUV5allGeXhmRUxOYWJKTGtsQ0lSc2g4TEZqUmE3L1c4clcxKy9kUndIK1FzM2ZySUVvCjZ6OUF4K0twdTJRUTlVMTRueWE0aVZhVCtuanB1RHJ3ampDWWJiK05jWmhBb3JlTEYxOWFXd2MyR0xXSW94dzEKUjZyTDQvaitabGs2Ci0tLS0tRU5EIENFUlRJRklDQVRFLS0tLS0K"
              }
            ],
            "cluster_id": null,
            "compute_config": [],
            "created_at": "2026-04-17T10:34:52Z",
            "enabled_cluster_log_types": null,
            "encryption_config": [],
            "endpoint": "https://F3FA26BC834A7088ABD67A899C87428D.gr7.us-east-1.eks.amazonaws.com",
            "force_update_version": null,
            "id": "devsecops-cluster",
            "identity": [
              {
                "oidc": [
                  {
                    "issuer": "https://oidc.eks.us-east-1.amazonaws.com/id/F3FA26BC834A7088ABD67A899C87428D"
                  }
                ]
              }
            ],
            "kubernetes_network_config": [
              {
                "elastic_load_balancing": [
                  {
                    "enabled": false
                  }
                ],
                "ip_family": "ipv4",
                "service_ipv4_cidr": "172.20.0.0/16",
                "service_ipv6_cidr": ""
              }
            ],
            "name": "devsecops-cluster",
            "outpost_config": [],
            "platform_version": "eks.9",
            "remote_network_config": [],
            "role_arn": "arn:aws:iam::381492096624:role/LabRole",
            "status": "ACTIVE",
            "storage_config": [],
            "tags": {
              "Project": "devsecops"
            },
            "tags_all": {
              "Project": "devsecops"
            },
            "timeouts": null,
            "upgrade_policy": [
              {
                "support_type": "EXTENDED"
              }
            ],
            "version": "1.35",
            "vpc_config": [
              {
                "cluster_security_group_id": "sg-0566d104f93839a93",
                "endpoint_private_access": false,
                "endpoint_public_access": true,
                "public_access_cidrs": [
                  "0.0.0.0/0"
                ],
                "security_group_ids": null,
                "subnet_ids": [
                  "subnet-04a60a358e984e39d",
                  "subnet-072d7730c90722b3a"
                ],
                "vpc_id": "vpc-05d0d360fbac0acc0"
              }
            ],
            "zonal_shift_config": []
          },
          "sensitive_attributes": [],
          "private": "eyJlMmJmYjczMC1lY2FhLTExZTYtOGY4OC0zNDM2M2JjN2M0YzAiOnsiY3JlYXRlIjoxODAwMDAwMDAwMDAwLCJkZWxldGUiOjkwMDAwMDAwMDAwMCwidXBkYXRlIjozNjAwMDAwMDAwMDAwfSwic2NoZW1hX3ZlcnNpb24iOiIxIn0=",
          "dependencies": [
            "aws_subnet.eks_subnet_1",
            "aws_subnet.eks_subnet_2",
            "aws_vpc.eks_vpc",
            "data.aws_iam_role.lab_role"
          ]
        }
      ]
    },
    {
      "mode": "managed",
      "type": "aws_eks_node_group",
      "name": "devsecops_nodes",
      "provider": "provider[\"registry.terraform.io/hashicorp/aws\"]",
      "instances": [
        {
          "schema_version": 0,
          "attributes": {
            "ami_type": "AL2023_x86_64_STANDARD",
            "arn": "arn:aws:eks:us-east-1:381492096624:nodegroup/devsecops-cluster/devsecops-nodes/bacecd84-7e5c-643e-6352-1698f8a197a9",
            "capacity_type": "ON_DEMAND",
            "cluster_name": "devsecops-cluster",
            "disk_size": 20,
            "force_update_version": null,
            "id": "devsecops-cluster:devsecops-nodes",
            "instance_types": [
              "t3.medium"
            ],
            "labels": null,
            "launch_template": [],
            "node_group_name": "devsecops-nodes",
            "node_group_name_prefix": "",
            "node_repair_config": [],
            "node_role_arn": "arn:aws:iam::381492096624:role/LabRole",
            "release_version": "1.35.3-20260409",
            "remote_access": [],
            "resources": [
              {
                "autoscaling_groups": [
                  {
                    "name": "eks-devsecops-nodes-bacecd84-7e5c-643e-6352-1698f8a197a9"
                  }
                ],
                "remote_access_security_group_id": ""
              }
            ],
            "scaling_config": [
              {
                "desired_size": 2,
                "max_size": 3,
                "min_size": 1
              }
            ],
            "status": "ACTIVE",
            "subnet_ids": [
              "subnet-04a60a358e984e39d",
              "subnet-072d7730c90722b3a"
            ],
            "tags": {
              "Project": "devsecops"
            },
            "tags_all": {
              "Project": "devsecops"
            },
            "taint": [],
            "timeouts": null,
            "update_config": [
              {
                "max_unavailable": 1,
                "max_unavailable_percentage": 0
              }
            ],
            "version": "1.35"
          },
          "sensitive_attributes": [],
          "private": "eyJlMmJmYjczMC1lY2FhLTExZTYtOGY4OC0zNDM2M2JjN2M0YzAiOnsiY3JlYXRlIjozNjAwMDAwMDAwMDAwLCJkZWxldGUiOjM2MDAwMDAwMDAwMDAsInVwZGF0ZSI6MzYwMDAwMDAwMDAwMH19",
          "dependencies": [
            "aws_eks_cluster.devsecops",
            "aws_subnet.eks_subnet_1",
            "aws_subnet.eks_subnet_2",
            "aws_vpc.eks_vpc",
            "data.aws_iam_role.lab_role"
          ]
        }
      ]
    },
    {
      "mode": "managed",
      "type": "aws_internet_gateway",
      "name": "eks_igw",
      "provider": "provider[\"registry.terraform.io/hashicorp/aws\"]",
      "instances": [
        {
          "schema_version": 0,
          "attributes": {
            "arn": "arn:aws:ec2:us-east-1:381492096624:internet-gateway/igw-0e71bf8c2817ff374",
            "id": "igw-0e71bf8c2817ff374",
            "owner_id": "381492096624",
            "tags": {
              "Name": "eks-igw"
            },
            "tags_all": {
              "Name": "eks-igw"
            },
            "timeouts": null,
            "vpc_id": "vpc-05d0d360fbac0acc0"
          },
          "sensitive_attributes": [],
          "private": "eyJlMmJmYjczMC1lY2FhLTExZTYtOGY4OC0zNDM2M2JjN2M0YzAiOnsiY3JlYXRlIjoxMjAwMDAwMDAwMDAwLCJkZWxldGUiOjEyMDAwMDAwMDAwMDAsInVwZGF0ZSI6MTIwMDAwMDAwMDAwMH19",
          "dependencies": [
            "aws_vpc.eks_vpc"
          ]
        }
      ]
    },
    {
      "mode": "managed",
      "type": "aws_route_table",
      "name": "eks_rt",
      "provider": "provider[\"registry.terraform.io/hashicorp/aws\"]",
      "instances": [
        {
          "schema_version": 0,
          "attributes": {
            "arn": "arn:aws:ec2:us-east-1:381492096624:route-table/rtb-097eead4ecc40e178",
            "id": "rtb-097eead4ecc40e178",
            "owner_id": "381492096624",
            "propagating_vgws": [],
            "route": [
              {
                "carrier_gateway_id": "",
                "cidr_block": "0.0.0.0/0",
                "core_network_arn": "",
                "destination_prefix_list_id": "",
                "egress_only_gateway_id": "",
                "gateway_id": "igw-0e71bf8c2817ff374",
                "ipv6_cidr_block": "",
                "local_gateway_id": "",
                "nat_gateway_id": "",
                "network_interface_id": "",
                "transit_gateway_id": "",
                "vpc_endpoint_id": "",
                "vpc_peering_connection_id": ""
              }
            ],
            "tags": null,
            "tags_all": {},
            "timeouts": null,
            "vpc_id": "vpc-05d0d360fbac0acc0"
          },
          "sensitive_attributes": [],
          "private": "eyJlMmJmYjczMC1lY2FhLTExZTYtOGY4OC0zNDM2M2JjN2M0YzAiOnsiY3JlYXRlIjozMDAwMDAwMDAwMDAsImRlbGV0ZSI6MzAwMDAwMDAwMDAwLCJ1cGRhdGUiOjEyMDAwMDAwMDAwMH19",
          "dependencies": [
            "aws_internet_gateway.eks_igw",
            "aws_vpc.eks_vpc"
          ]
        }
      ]
    },
    {
      "mode": "managed",
      "type": "aws_route_table_association",
      "name": "eks_rta_1",
      "provider": "provider[\"registry.terraform.io/hashicorp/aws\"]",
      "instances": [
        {
          "schema_version": 0,
          "attributes": {
            "gateway_id": "",
            "id": "rtbassoc-080c514ce022f9652",
            "route_table_id": "rtb-097eead4ecc40e178",
            "subnet_id": "subnet-072d7730c90722b3a",
            "timeouts": null
          },
          "sensitive_attributes": [],
          "private": "eyJlMmJmYjczMC1lY2FhLTExZTYtOGY4OC0zNDM2M2JjN2M0YzAiOnsiY3JlYXRlIjozMDAwMDAwMDAwMDAsImRlbGV0ZSI6MzAwMDAwMDAwMDAwLCJ1cGRhdGUiOjEyMDAwMDAwMDAwMH19",
          "dependencies": [
            "aws_internet_gateway.eks_igw",
            "aws_route_table.eks_rt",
            "aws_subnet.eks_subnet_1",
            "aws_vpc.eks_vpc"
          ]
        }
      ]
    },
    {
      "mode": "managed",
      "type": "aws_route_table_association",
      "name": "eks_rta_2",
      "provider": "provider[\"registry.terraform.io/hashicorp/aws\"]",
      "instances": [
        {
          "schema_version": 0,
          "attributes": {
            "gateway_id": "",
            "id": "rtbassoc-07edbb4187a7ae034",
            "route_table_id": "rtb-097eead4ecc40e178",
            "subnet_id": "subnet-04a60a358e984e39d",
            "timeouts": null
          },
          "sensitive_attributes": [],
          "private": "eyJlMmJmYjczMC1lY2FhLTExZTYtOGY4OC0zNDM2M2JjN2M0YzAiOnsiY3JlYXRlIjozMDAwMDAwMDAwMDAsImRlbGV0ZSI6MzAwMDAwMDAwMDAwLCJ1cGRhdGUiOjEyMDAwMDAwMDAwMH19",
          "dependencies": [
            "aws_internet_gateway.eks_igw",
            "aws_route_table.eks_rt",
            "aws_subnet.eks_subnet_2",
            "aws_vpc.eks_vpc"
          ]
        }
      ]
    },
    {
      "mode": "managed",
      "type": "aws_subnet",
      "name": "eks_subnet_1",
      "provider": "provider[\"registry.terraform.io/hashicorp/aws\"]",
      "instances": [
        {
          "schema_version": 1,
          "attributes": {
            "arn": "arn:aws:ec2:us-east-1:381492096624:subnet/subnet-072d7730c90722b3a",
            "assign_ipv6_address_on_creation": false,
            "availability_zone": "us-east-1a",
            "availability_zone_id": "use1-az2",
            "cidr_block": "10.0.1.0/24",
            "customer_owned_ipv4_pool": "",
            "enable_dns64": false,
            "enable_lni_at_device_index": 0,
            "enable_resource_name_dns_a_record_on_launch": false,
            "enable_resource_name_dns_aaaa_record_on_launch": false,
            "id": "subnet-072d7730c90722b3a",
            "ipv6_cidr_block": "",
            "ipv6_cidr_block_association_id": "",
            "ipv6_native": false,
            "map_customer_owned_ip_on_launch": false,
            "map_public_ip_on_launch": true,
            "outpost_arn": "",
            "owner_id": "381492096624",
            "private_dns_hostname_type_on_launch": "ip-name",
            "tags": {
              "Name": "eks-subnet-1"
            },
            "tags_all": {
              "Name": "eks-subnet-1"
            },
            "timeouts": null,
            "vpc_id": "vpc-05d0d360fbac0acc0"
          },
          "sensitive_attributes": [],
          "private": "eyJlMmJmYjczMC1lY2FhLTExZTYtOGY4OC0zNDM2M2JjN2M0YzAiOnsiY3JlYXRlIjo2MDAwMDAwMDAwMDAsImRlbGV0ZSI6MTIwMDAwMDAwMDAwMH0sInNjaGVtYV92ZXJzaW9uIjoiMSJ9",
          "dependencies": [
            "aws_vpc.eks_vpc"
          ]
        }
      ]
    },
    {
      "mode": "managed",
      "type": "aws_subnet",
      "name": "eks_subnet_2",
      "provider": "provider[\"registry.terraform.io/hashicorp/aws\"]",
      "instances": [
        {
          "schema_version": 1,
          "attributes": {
            "arn": "arn:aws:ec2:us-east-1:381492096624:subnet/subnet-04a60a358e984e39d",
            "assign_ipv6_address_on_creation": false,
            "availability_zone": "us-east-1b",
            "availability_zone_id": "use1-az4",
            "cidr_block": "10.0.2.0/24",
            "customer_owned_ipv4_pool": "",
            "enable_dns64": false,
            "enable_lni_at_device_index": 0,
            "enable_resource_name_dns_a_record_on_launch": false,
            "enable_resource_name_dns_aaaa_record_on_launch": false,
            "id": "subnet-04a60a358e984e39d",
            "ipv6_cidr_block": "",
            "ipv6_cidr_block_association_id": "",
            "ipv6_native": false,
            "map_customer_owned_ip_on_launch": false,
            "map_public_ip_on_launch": true,
            "outpost_arn": "",
            "owner_id": "381492096624",
            "private_dns_hostname_type_on_launch": "ip-name",
            "tags": {
              "Name": "eks-subnet-2"
            },
            "tags_all": {
              "Name": "eks-subnet-2"
            },
            "timeouts": null,
            "vpc_id": "vpc-05d0d360fbac0acc0"
          },
          "sensitive_attributes": [],
          "private": "eyJlMmJmYjczMC1lY2FhLTExZTYtOGY4OC0zNDM2M2JjN2M0YzAiOnsiY3JlYXRlIjo2MDAwMDAwMDAwMDAsImRlbGV0ZSI6MTIwMDAwMDAwMDAwMH0sInNjaGVtYV92ZXJzaW9uIjoiMSJ9",
          "dependencies": [
            "aws_vpc.eks_vpc"
          ]
        }
      ]
    },
    {
      "mode": "managed",
      "type": "aws_vpc",
      "name": "eks_vpc",
      "provider": "provider[\"registry.terraform.io/hashicorp/aws\"]",
      "instances": [
        {
          "schema_version": 1,
          "attributes": {
            "arn": "arn:aws:ec2:us-east-1:381492096624:vpc/vpc-05d0d360fbac0acc0",
            "assign_generated_ipv6_cidr_block": false,
            "cidr_block": "10.0.0.0/16",
            "default_network_acl_id": "acl-0bda3491cc664aea9",
            "default_route_table_id": "rtb-058df5af15620a93e",
            "default_security_group_id": "sg-0cb0749a67a824ecf",
            "dhcp_options_id": "dopt-0bd7ca7a7087be56b",
            "enable_dns_hostnames": true,
            "enable_dns_support": true,
            "enable_network_address_usage_metrics": false,
            "id": "vpc-05d0d360fbac0acc0",
            "instance_tenancy": "default",
            "ipv4_ipam_pool_id": null,
            "ipv4_netmask_length": null,
            "ipv6_association_id": "",
            "ipv6_cidr_block": "",
            "ipv6_cidr_block_network_border_group": "",
            "ipv6_ipam_pool_id": "",
            "ipv6_netmask_length": 0,
            "main_route_table_id": "rtb-058df5af15620a93e",
            "owner_id": "381492096624",
            "tags": {
              "Name": "eks-vpc"
            },
            "tags_all": {
              "Name": "eks-vpc"
            }
          },
          "sensitive_attributes": [],
          "private": "eyJzY2hlbWFfdmVyc2lvbiI6IjEifQ=="
        }
      ]
    }
  ],
  "check_results": null
}
